<Solution>
  <Folder Name="/solution/">
    <File Path=".dockerignore" />
    <File Path=".gitattributes" />
    <File Path=".github/workflows/ci-docker.yml" />
    <File Path=".github/workflows/health-check.yml" />
    <File Path=".github/workflows/release-docker.yml" />
    <File Path=".github/workflows/release-please.yml" />
    <File Path=".github/workflows/validate-pr-title.yml" />
    <File Path=".gitignore" />
    <File Path="docker-compose.yml" />
    <File Path="Dockerfile" />
    <File Path="README.md" />
  </Folder>
  <Folder Name="/src/">
    <Project Path="src/TowerBridge.API/TowerBridge.API.csproj" />
  </Folder>
  <Folder Name="/tests/">
    <Project Path="tests/TowerBridge.Tests/TowerBridge.Tests.csproj" />
  </Folder>
</Solution>
